
Microsoft Visual Studio Solution File, Format Version 12.00
# Visual Studio Version 17
VisualStudioVersion = 17.9.34701.34
MinimumVisualStudioVersion = 10.0.40219.1
Project("{9A19103F-16F7-4668-BE54-9A1E7A4F7556}") = "BulkBidding", "TestWebProject\BulkBidding.csproj", "{081C6996-AD4C-417C-8115-8EA88F3FF681}"
EndProject
Project("{9A19103F-16F7-4668-BE54-9A1E7A4F7556}") = "BulkRiddleCommonDS", "BulkRiddleCommonDS\BulkRiddleCommonDS.csproj", "{9AC94E6E-0ECB-43AD-917D-2CEAF44FC0D6}"
EndProject
Project("{9A19103F-16F7-4668-BE54-9A1E7A4F7556}") = "BR.BL.Operations", "BR.BL.Operations\BR.BL.Operations.csproj", "{FB8ED2D0-E0D9-41AD-81F4-351B2C1722BD}"
EndProject
Project("{9A19103F-16F7-4668-BE54-9A1E7A4F7556}") = "BRDataModels", "BRDataModels\BRDataModels.csproj", "{C80B7CC5-83A4-4DEC-B039-EE66CFA74C5D}"
EndProject
Global
	GlobalSection(SolutionConfigurationPlatforms) = preSolution
		Debug|Any CPU = Debug|Any CPU
		Release|Any CPU = Release|Any CPU
	EndGlobalSection
	GlobalSection(ProjectConfigurationPlatforms) = postSolution
		{081C6996-AD4C-417C-8115-8EA88F3FF681}.Debug|Any CPU.ActiveCfg = Debug|Any CPU
		{081C6996-AD4C-417C-8115-8EA88F3FF681}.Debug|Any CPU.Build.0 = Debug|Any CPU
		{081C6996-AD4C-417C-8115-8EA88F3FF681}.Release|Any CPU.ActiveCfg = Release|Any CPU
		{081C6996-AD4C-417C-8115-8EA88F3FF681}.Release|Any CPU.Build.0 = Release|Any CPU
		{9AC94E6E-0ECB-43AD-917D-2CEAF44FC0D6}.Debug|Any CPU.ActiveCfg = Debug|Any CPU
		{9AC94E6E-0ECB-43AD-917D-2CEAF44FC0D6}.Debug|Any CPU.Build.0 = Debug|Any CPU
		{9AC94E6E-0ECB-43AD-917D-2CEAF44FC0D6}.Release|Any CPU.ActiveCfg = Release|Any CPU
		{9AC94E6E-0ECB-43AD-917D-2CEAF44FC0D6}.Release|Any CPU.Build.0 = Release|Any CPU
		{FB8ED2D0-E0D9-41AD-81F4-351B2C1722BD}.Debug|Any CPU.ActiveCfg = Debug|Any CPU
		{FB8ED2D0-E0D9-41AD-81F4-351B2C1722BD}.Debug|Any CPU.Build.0 = Debug|Any CPU
		{FB8ED2D0-E0D9-41AD-81F4-351B2C1722BD}.Release|Any CPU.ActiveCfg = Release|Any CPU
		{FB8ED2D0-E0D9-41AD-81F4-351B2C1722BD}.Release|Any CPU.Build.0 = Release|Any CPU
		{C80B7CC5-83A4-4DEC-B039-EE66CFA74C5D}.Debug|Any CPU.ActiveCfg = Debug|Any CPU
		{C80B7CC5-83A4-4DEC-B039-EE66CFA74C5D}.Debug|Any CPU.Build.0 = Debug|Any CPU
		{C80B7CC5-83A4-4DEC-B039-EE66CFA74C5D}.Release|Any CPU.ActiveCfg = Release|Any CPU
		{C80B7CC5-83A4-4DEC-B039-EE66CFA74C5D}.Release|Any CPU.Build.0 = Release|Any CPU
	EndGlobalSection
	GlobalSection(SolutionProperties) = preSolution
		HideSolutionNode = FALSE
	EndGlobalSection
	GlobalSection(ExtensibilityGlobals) = postSolution
		SolutionGuid = {5EF7B624-3F01-4BE3-8470-BD180916ABA5}
	EndGlobalSection
EndGlobal
